
Microsoft Visual Studio Solution File, Format Version 12.00
# Visual Studio Version 16
VisualStudioVersion = 16.0.30907.101
MinimumVisualStudioVersion = 10.0.40219.1
Project("{8BC9CEB8-8B4A-11D0-8D11-00A0C91BC942}") = "HelloDDK", "HelloDDK\HelloDDK.vcxproj", "{1C4FDAFD-4619-4D74-96F1-3269D2DACDDB}"
EndProject
Global
	GlobalSection(SolutionConfigurationPlatforms) = preSolution
		Debug|ARM = Debug|ARM
		Debug|ARM64 = Debug|ARM64
		Debug|x64 = Debug|x64
		Debug|x86 = Debug|x86
		Release|ARM = Release|ARM
		Release|ARM64 = Release|ARM64
		Release|x64 = Release|x64
		Release|x86 = Release|x86
	EndGlobalSection
	GlobalSection(ProjectConfigurationPlatforms) = postSolution
		{1C4FDAFD-4619-4D74-96F1-3269D2DACDDB}.Debug|ARM.ActiveCfg = Debug|ARM
		{1C4FDAFD-4619-4D74-96F1-3269D2DACDDB}.Debug|ARM.Build.0 = Debug|ARM
		{1C4FDAFD-4619-4D74-96F1-3269D2DACDDB}.Debug|ARM.Deploy.0 = Debug|ARM
		{1C4FDAFD-4619-4D74-96F1-3269D2DACDDB}.Debug|ARM64.ActiveCfg = Debug|ARM64
		{1C4FDAFD-4619-4D74-96F1-3269D2DACDDB}.Debug|ARM64.Build.0 = Debug|ARM64
		{1C4FDAFD-4619-4D74-96F1-3269D2DACDDB}.Debug|ARM64.Deploy.0 = Debug|ARM64
		{1C4FDAFD-4619-4D74-96F1-3269D2DACDDB}.Debug|x64.ActiveCfg = Debug|x64
		{1C4FDAFD-4619-4D74-96F1-3269D2DACDDB}.Debug|x64.Build.0 = Debug|x64
		{1C4FDAFD-4619-4D74-96F1-3269D2DACDDB}.Debug|x64.Deploy.0 = Debug|x64
		{1C4FDAFD-4619-4D74-96F1-3269D2DACDDB}.Debug|x86.ActiveCfg = Debug|Win32
		{1C4FDAFD-4619-4D74-96F1-3269D2DACDDB}.Debug|x86.Build.0 = Debug|Win32
		{1C4FDAFD-4619-4D74-96F1-3269D2DACDDB}.Debug|x86.Deploy.0 = Debug|Win32
		{1C4FDAFD-4619-4D74-96F1-3269D2DACDDB}.Release|ARM.ActiveCfg = Release|ARM
		{1C4FDAFD-4619-4D74-96F1-3269D2DACDDB}.Release|ARM.Build.0 = Release|ARM
		{1C4FDAFD-4619-4D74-96F1-3269D2DACDDB}.Release|ARM.Deploy.0 = Release|ARM
		{1C4FDAFD-4619-4D74-96F1-3269D2DACDDB}.Release|ARM64.ActiveCfg = Release|ARM64
		{1C4FDAFD-4619-4D74-96F1-3269D2DACDDB}.Release|ARM64.Build.0 = Release|ARM64
		{1C4FDAFD-4619-4D74-96F1-3269D2DACDDB}.Release|ARM64.Deploy.0 = Release|ARM64
		{1C4FDAFD-4619-4D74-96F1-3269D2DACDDB}.Release|x64.ActiveCfg = Release|x64
		{1C4FDAFD-4619-4D74-96F1-3269D2DACDDB}.Release|x64.Build.0 = Release|x64
		{1C4FDAFD-4619-4D74-96F1-3269D2DACDDB}.Release|x64.Deploy.0 = Release|x64
		{1C4FDAFD-4619-4D74-96F1-3269D2DACDDB}.Release|x86.ActiveCfg = Release|Win32
		{1C4FDAFD-4619-4D74-96F1-3269D2DACDDB}.Release|x86.Build.0 = Release|Win32
		{1C4FDAFD-4619-4D74-96F1-3269D2DACDDB}.Release|x86.Deploy.0 = Release|Win32
	EndGlobalSection
	GlobalSection(SolutionProperties) = preSolution
		HideSolutionNode = FALSE
	EndGlobalSection
	GlobalSection(ExtensibilityGlobals) = postSolution
		SolutionGuid = {33E3519A-327B-42B4-A39B-7E06B59EFCD7}
	EndGlobalSection
EndGlobal
